Microsoft Visual Studio Solution File, Format Version 11.00
# Visual Studio 2008

Project("{8715FA62-1CA7-E8FF-9DD4-03825694314A}") = "mgame", "Assembly-CSharp-vs.csproj", "{3026E7EF-041B-C14A-8ADE-3681E21B4866}"
EndProject
Project("{8715FA62-1CA7-E8FF-9DD4-03825694314A}") = "mgame", "Assembly-CSharp-Editor-vs.csproj", "{F9C63380-BA15-FDBB-38EC-990454D6BA8D}"
EndProject
Global
	GlobalSection(SolutionConfigurationPlatforms) = preSolution
		Debug|Any CPU = Debug|Any CPU
		Release|Any CPU = Release|Any CPU
	EndGlobalSection
	GlobalSection(ProjectConfigurationPlatforms) = postSolution
		{3026E7EF-041B-C14A-8ADE-3681E21B4866}.Debug|Any CPU.ActiveCfg = Debug|Any CPU
		{3026E7EF-041B-C14A-8ADE-3681E21B4866}.Debug|Any CPU.Build.0 = Debug|Any CPU
		{3026E7EF-041B-C14A-8ADE-3681E21B4866}.Release|Any CPU.ActiveCfg = Release|Any CPU
		{3026E7EF-041B-C14A-8ADE-3681E21B4866}.Release|Any CPU.Build.0 = Release|Any CPU
		{F9C63380-BA15-FDBB-38EC-990454D6BA8D}.Debug|Any CPU.ActiveCfg = Debug|Any CPU
		{F9C63380-BA15-FDBB-38EC-990454D6BA8D}.Debug|Any CPU.Build.0 = Debug|Any CPU
		{F9C63380-BA15-FDBB-38EC-990454D6BA8D}.Release|Any CPU.ActiveCfg = Release|Any CPU
		{F9C63380-BA15-FDBB-38EC-990454D6BA8D}.Release|Any CPU.Build.0 = Release|Any CPU
	EndGlobalSection
	GlobalSection(SolutionProperties) = preSolution
		HideSolutionNode = FALSE
	EndGlobalSection
																																																																																									GlobalSection(MonoDevelopProperties) = preSolution
		Policies = $0
		$0.TextStylePolicy = $1
		$1.inheritsSet = null
		$1.scope = text/x-csharp
		$0.CSharpFormattingPolicy = $2
		$2.AnonymousMethodBraceStyle = NextLine
		$2.PropertyBraceStyle = NextLine
		$2.PropertyGetBraceStyle = NextLine
		$2.PropertySetBraceStyle = NextLine
		$2.EventBraceStyle = NextLine
		$2.EventAddBraceStyle = NextLine
		$2.EventRemoveBraceStyle = NextLine
		$2.StatementBraceStyle = NextLine
		$2.ElseNewLinePlacement = NewLine
		$2.CatchNewLinePlacement = NewLine
		$2.FinallyNewLinePlacement = NewLine
		$2.WhileNewLinePlacement = NewLine
		$2.EmbeddedStatementPlacement = SameLine
		$2.NewLineBeforeConstructorInitializerColon = SameLine
		$2.NewLineAfterConstructorInitializerColon = SameLine
		$2.inheritsSet = Mono
		$2.inheritsScope = text/x-csharp
		$2.scope = text/x-csharp
		$0.TextStylePolicy = $3
		$3.FileWidth = 120
		$3.TabsToSpaces = False
		$3.EolMarker = Unix
		$3.inheritsSet = VisualStudio
		$3.inheritsScope = text/plain
		$3.scope = text/plain
	EndGlobalSection

EndGlobal
